
Microsoft Visual Studio Solution File, Format Version 12.00
# Visual Studio Version 16
VisualStudioVersion = 16.0.29613.14
MinimumVisualStudioVersion = 10.0.40219.1
Project("{FAE04EC0-301F-11D3-BF4B-00C04F79EFBC}") = "QRCodeGeneratorTest", "QRCodeGeneratorTest.csproj", "{ED5DFB7A-70EA-423B-AA81-C57116DB3464}"
EndProject
Global
	GlobalSection(SolutionConfigurationPlatforms) = preSolution
		Debug|Any CPU = Debug|Any CPU
		Release|Any CPU = Release|Any CPU
	EndGlobalSection
	GlobalSection(ProjectConfigurationPlatforms) = postSolution
		{ED5DFB7A-70EA-423B-AA81-C57116DB3464}.Debug|Any CPU.ActiveCfg = Debug|Any CPU
		{ED5DFB7A-70EA-423B-AA81-C57116DB3464}.Debug|Any CPU.Build.0 = Debug|Any CPU
		{ED5DFB7A-70EA-423B-AA81-C57116DB3464}.Release|Any CPU.ActiveCfg = Release|Any CPU
		{ED5DFB7A-70EA-423B-AA81-C57116DB3464}.Release|Any CPU.Build.0 = Release|Any CPU
	EndGlobalSection
	GlobalSection(SolutionProperties) = preSolution
		HideSolutionNode = FALSE
	EndGlobalSection
	GlobalSection(ExtensibilityGlobals) = postSolution
		SolutionGuid = {AE1B9DA1-E274-458D-90EF-9A6B5AD5C70D}
	EndGlobalSection
EndGlobal
